items:
  - diff: 5
    aliases:
      - $_log
    placeholders:
      - oak
      - birch
      - spruce
      - acacia
      - jungle
      - dark_oak
      - mangrove
      - cherry
  - diff: 1.5
    aliases:
      - $_leaves
    placeholders:
      - oak
      - birch
      - spruce
      - acacia
      - jungle
      - dark_oak
      - mangrove
      - cherry
  - diff: 2
    aliases:
      - sand
      - grass_block
      - dirt
      - stone
      - deepslate
      - clay
      - gravel
      - diorite
      - granite
      - andesite
      - fern
      - grass
      - coal_ore
  - diff: 2
    aliases:
      - sand
      - grass_block
      - dirt
      - stone
      - deepslate
      - clay
      - gravel
      - diorite
      - granite
      - andesite
      - fern
      - grass
      - tuff
      - calcite
  - diff: 10
    name: coal_ore
  - diff: 20
    aliases:
      - moss_block
      - amethyst_block
      - iron_ore
      - deepslate_iron_ore
  - diff: 20
    aliases:
      - netherrack
      - nether_quartz_ore
      - nether_gold_ore
      - glowstone
  - diff: 35
    aliases:
      - $_nylium
      - $_roots
      - $_fungus
      - $_stem
      - nether_wart_block
      - warped_wart_block
      - shroomlight
      - magma_block
      - blackstone
      - basalt
      - soul_sand
      - soul_soil
    placeholders:
      - crimson
      - warped
  - diff: 40
    aliases:
      - glow_lichen
      - budding_amethyst
      - amethyst_cluster
      - gold_ore
      - deepslate_gold_ore
      - deepslate_redstone_ore
  - diff: 100
    aliases:
      - deepslate_diamond_ore
